// !$*UTF8*$!
{
	archiveVersion = 1;
	classes = {
	};
	objectVersion = 46;
	objects = {

/* Begin PBXBuildFile section */
		DE40EC5B1BAF442300379466 /* AppDelegate.swift in Sources */ = {isa = PBXBuildFile; fileRef = DE40EC5A1BAF442300379466 /* AppDelegate.swift */; };
		DE40EC5D1BAF442300379466 /* ViewController.swift in Sources */ = {isa = PBXBuildFile; fileRef = DE40EC5C1BAF442300379466 /* ViewController.swift */; };
		DE40EC601BAF442300379466 /* Main.storyboard in Resources */ = {isa = PBXBuildFile; fileRef = DE40EC5E1BAF442300379466 /* Main.storyboard */; };
		DE40EC621BAF442300379466 /* Images.xcassets in Resources */ = {isa = PBXBuildFile; fileRef = DE40EC611BAF442300379466 /* Images.xcassets */; };
		DE40EC651BAF442300379466 /* LaunchScreen.xib in Resources */ = {isa = PBXBuildFile; fileRef = DE40EC631BAF442300379466 /* LaunchScreen.xib */; };
		DE40EC711BAF442300379466 /* Memorable_PlacesTests.swift in Sources */ = {isa = PBXBuildFile; fileRef = DE40EC701BAF442300379466 /* Memorable_PlacesTests.swift */; };
		DE40EC7B1BAF49A400379466 /* TableViewController.swift in Sources */ = {isa = PBXBuildFile; fileRef = DE40EC7A1BAF49A400379466 /* TableViewController.swift */; };
		DE40EC7D1BAF684E00379466 /* CoreLocation.framework in Frameworks */ = {isa = PBXBuildFile; fileRef = DE40EC7C1BAF684E00379466 /* CoreLocation.framework */; };
/* End PBXBuildFile section */

/* Begin PBXContainerItemProxy section */
		DE40EC6B1BAF442300379466 /* PBXContainerItemProxy */ = {
			isa = PBXContainerItemProxy;
			containerPortal = DE40EC4D1BAF442300379466 /* Project object */;
			proxyType = 1;
			remoteGlobalIDString = DE40EC541BAF442300379466;
			remoteInfo = "Memorable Places";
		};
/* End PBXContainerItemProxy section */

/* Begin PBXFileReference section */
		DE40EC551BAF442300379466 /* Memorable Places.app */ = {isa = PBXFileReference; explicitFileType = wrapper.application; includeInIndex = 0; path = "Memorable Places.app"; sourceTree = BUILT_PRODUCTS_DIR; };
		DE40EC591BAF442300379466 /* Info.plist */ = {isa = PBXFileReference; lastKnownFileType = text.plist.xml; path = Info.plist; sourceTree = "<group>"; };
		DE40EC5A1BAF442300379466 /* AppDelegate.swift */ = {isa = PBXFileReference; lastKnownFileType = sourcecode.swift; path = AppDelegate.swift; sourceTree = "<group>"; };
		DE40EC5C1BAF442300379466 /* ViewController.swift */ = {isa = PBXFileReference; lastKnownFileType = sourcecode.swift; path = ViewController.swift; sourceTree = "<group>"; };
		DE40EC5F1BAF442300379466 /* Base */ = {isa = PBXFileReference; lastKnownFileType = file.storyboard; name = Base; path = Base.lproj/Main.storyboard; sourceTree = "<group>"; };
		DE40EC611BAF442300379466 /* Images.xcassets */ = {isa = PBXFileReference; lastKnownFileType = folder.assetcatalog; path = Images.xcassets; sourceTree = "<group>"; };
		DE40EC641BAF442300379466 /* Base */ = {isa = PBXFileReference; lastKnownFileType = file.xib; name = Base; path = Base.lproj/LaunchScreen.xib; sourceTree = "<group>"; };
		DE40EC6A1BAF442300379466 /* Memorable PlacesTests.xctest */ = {isa = PBXFileReference; explicitFileType = wrapper.cfbundle; includeInIndex = 0; path = "Memorable PlacesTests.xctest"; sourceTree = BUILT_PRODUCTS_DIR; };
		DE40EC6F1BAF442300379466 /* Info.plist */ = {isa = PBXFileReference; lastKnownFileType = text.plist.xml; path = Info.plist; sourceTree = "<group>"; };
		DE40EC701BAF442300379466 /* Memorable_PlacesTests.swift */ = {isa = PBXFileReference; lastKnownFileType = sourcecode.swift; path = Memorable_PlacesTests.swift; sourceTree = "<group>"; };
		DE40EC7A1BAF49A400379466 /* TableViewController.swift */ = {isa = PBXFileReference; fileEncoding = 4; lastKnownFileType = sourcecode.swift; path = TableViewController.swift; sourceTree = "<group>"; };
		DE40EC7C1BAF684E00379466 /* CoreLocation.framework */ = {isa = PBXFileReference; lastKnownFileType = wrapper.framework; name = CoreLocation.framework; path = System/Library/Frameworks/CoreLocation.framework; sourceTree = SDKROOT; };
/* End PBXFileReference section */

/* Begin PBXFrameworksBuildPhase section */
		DE40EC521BAF442300379466 /* Frameworks */ = {
			isa = PBXFrameworksBuildPhase;
			buildActionMask = 2147483647;
			files = (
				DE40EC7D1BAF684E00379466 /* CoreLocation.framework in Frameworks */,
			);
			runOnlyForDeploymentPostprocessing = 0;
		};
		DE40EC671BAF442300379466 /* Frameworks */ = {
			isa = PBXFrameworksBuildPhase;
			buildActionMask = 2147483647;
			files = (
			);
			runOnlyForDeploymentPostprocessing = 0;
		};
/* End PBXFrameworksBuildPhase section */

/* Begin PBXGroup section */
		DE40EC4C1BAF442300379466 = {
			isa = PBXGroup;
			children = (
				DE40EC7C1BAF684E00379466 /* CoreLocation.framework */,
				DE40EC571BAF442300379466 /* Memorable Places */,
				DE40EC6D1BAF442300379466 /* Memorable PlacesTests */,
				DE40EC561BAF442300379466 /* Products */,
			);
			sourceTree = "<group>";
		};
		DE40EC561BAF442300379466 /* Products */ = {
			isa = PBXGroup;
			children = (
				DE40EC551BAF442300379466 /* Memorable Places.app */,
				DE40EC6A1BAF442300379466 /* Memorable PlacesTests.xctest */,
			);
			name = Products;
			sourceTree = "<group>";
		};
		DE40EC571BAF442300379466 /* Memorable Places */ = {
			isa = PBXGroup;
			children = (
				DE40EC5A1BAF442300379466 /* AppDelegate.swift */,
				DE40EC5C1BAF442300379466 /* ViewController.swift */,
				DE40EC5E1BAF442300379466 /* Main.storyboard */,
				DE40EC7A1BAF49A400379466 /* TableViewController.swift */,
				DE40EC611BAF442300379466 /* Images.xcassets */,
				DE40EC631BAF442300379466 /* LaunchScreen.xib */,
				DE40EC581BAF442300379466 /* Supporting Files */,
			);
			path = "Memorable Places";
			sourceTree = "<group>";
		};
		DE40EC581BAF442300379466 /* Supporting Files */ = {
			isa = PBXGroup;
			children = (
				DE40EC591BAF442300379466 /* Info.plist */,
			);
			name = "Supporting Files";
			sourceTree = "<group>";
		};
		DE40EC6D1BAF442300379466 /* Memorable PlacesTests */ = {
			isa = PBXGroup;
			children = (
				DE40EC701BAF442300379466 /* Memorable_PlacesTests.swift */,
				DE40EC6E1BAF442300379466 /* Supporting Files */,
			);
			path = "Memorable PlacesTests";
			sourceTree = "<group>";
		};
		DE40EC6E1BAF442300379466 /* Supporting Files */ = {
			isa = PBXGroup;
			children = (
				DE40EC6F1BAF442300379466 /* Info.plist */,
			);
			name = "Supporting Files";
			sourceTree = "<group>";
		};
/* End PBXGroup section */

/* Begin PBXNativeTarget section */
		DE40EC541BAF442300379466 /* Memorable Places */ = {
			isa = PBXNativeTarget;
			buildConfigurationList = DE40EC741BAF442300379466 /* Build configuration list for PBXNativeTarget "Memorable Places" */;
			buildPhases = (
				DE40EC511BAF442300379466 /* Sources */,
				DE40EC521BAF442300379466 /* Frameworks */,
				DE40EC531BAF442300379466 /* Resources */,
			);
			buildRules = (
			);
			dependencies = (
			);
			name = "Memorable Places";
			productName = "Memorable Places";
			productReference = DE40EC551BAF442300379466 /* Memorable Places.app */;
			productType = "com.apple.product-type.application";
		};
		DE40EC691BAF442300379466 /* Memorable PlacesTests */ = {
			isa = PBXNativeTarget;
			buildConfigurationList = DE40EC771BAF442300379466 /* Build configuration list for PBXNativeTarget "Memorable PlacesTests" */;
			buildPhases = (
				DE40EC661BAF442300379466 /* Sources */,
				DE40EC671BAF442300379466 /* Frameworks */,
				DE40EC681BAF442300379466 /* Resources */,
			);
			buildRules = (
			);
			dependencies = (
				DE40EC6C1BAF442300379466 /* PBXTargetDependency */,
			);
			name = "Memorable PlacesTests";
			productName = "Memorable PlacesTests";
			productReference = DE40EC6A1BAF442300379466 /* Memorable PlacesTests.xctest */;
			productType = "com.apple.product-type.bundle.unit-test";
		};
/* End PBXNativeTarget section */

/* Begin PBXProject section */
		DE40EC4D1BAF442300379466 /* Project object */ = {
			isa = PBXProject;
			attributes = {
				LastUpgradeCheck = 0620;
				ORGANIZATIONNAME = Appfish;
				TargetAttributes = {
					DE40EC541BAF442300379466 = {
						CreatedOnToolsVersion = 6.2;
					};
					DE40EC691BAF442300379466 = {
						CreatedOnToolsVersion = 6.2;
						TestTargetID = DE40EC541BAF442300379466;
					};
				};
			};
			buildConfigurationList = DE40EC501BAF442300379466 /* Build configuration list for PBXProject "Memorable Places" */;
			compatibilityVersion = "Xcode 3.2";
			developmentRegion = English;
			hasScannedForEncodings = 0;
			knownRegions = (
				en,
				Base,
			);
			mainGroup = DE40EC4C1BAF442300379466;
			productRefGroup = DE40EC561BAF442300379466 /* Products */;
			projectDirPath = "";
			projectRoot = "";
			targets = (
				DE40EC541BAF442300379466 /* Memorable Places */,
				DE40EC691BAF442300379466 /* Memorable PlacesTests */,
			);
		};
/* End PBXProject section */

/* Begin PBXResourcesBuildPhase section */
		DE40EC531BAF442300379466 /* Resources */ = {
			isa = PBXResourcesBuildPhase;
			buildActionMask = 2147483647;
			files = (
				DE40EC601BAF442300379466 /* Main.storyboard in Resources */,
				DE40EC651BAF442300379466 /* LaunchScreen.xib in Resources */,
				DE40EC621BAF442300379466 /* Images.xcassets in Resources */,
			);
			runOnlyForDeploymentPostprocessing = 0;
		};
		DE40EC681BAF442300379466 /* Resources */ = {
			isa = PBXResourcesBuildPhase;
			buildActionMask = 2147483647;
			files = (
			);
			runOnlyForDeploymentPostprocessing = 0;
		};
/* End PBXResourcesBuildPhase section */

/* Begin PBXSourcesBuildPhase section */
		DE40EC511BAF442300379466 /* Sources */ = {
			isa = PBXSourcesBuildPhase;
			buildActionMask = 2147483647;
			files = (
				DE40EC5D1BAF442300379466 /* ViewController.swift in Sources */,
				DE40EC7B1BAF49A400379466 /* TableViewController.swift in Sources */,
				DE40EC5B1BAF442300379466 /* AppDelegate.swift in Sources */,
			);
			runOnlyForDeploymentPostprocessing = 0;
		};
		DE40EC661BAF442300379466 /* Sources */ = {
			isa = PBXSourcesBuildPhase;
			buildActionMask = 2147483647;
			files = (
				DE40EC711BAF442300379466 /* Memorable_PlacesTests.swift in Sources */,
			);
			runOnlyForDeploymentPostprocessing = 0;
		};
/* End PBXSourcesBuildPhase section */

/* Begin PBXTargetDependency section */
		DE40EC6C1BAF442300379466 /* PBXTargetDependency */ = {
			isa = PBXTargetDependency;
			target = DE40EC541BAF442300379466 /* Memorable Places */;
			targetProxy = DE40EC6B1BAF442300379466 /* PBXContainerItemProxy */;
		};
/* End PBXTargetDependency section */

/* Begin PBXVariantGroup section */
		DE40EC5E1BAF442300379466 /* Main.storyboard */ = {
			isa = PBXVariantGroup;
			children = (
				DE40EC5F1BAF442300379466 /* Base */,
			);
			name = Main.storyboard;
			sourceTree = "<group>";
		};
		DE40EC631BAF442300379466 /* LaunchScreen.xib */ = {
			isa = PBXVariantGroup;
			children = (
				DE40EC641BAF442300379466 /* Base */,
			);
			name = LaunchScreen.xib;
			sourceTree = "<group>";
		};
/* End PBXVariantGroup section */

/* Begin XCBuildConfiguration section */
		DE40EC721BAF442300379466 /* Debug */ = {
			isa = XCBuildConfiguration;
			buildSettings = {
				ALWAYS_SEARCH_USER_PATHS = NO;
				CLANG_CXX_LANGUAGE_STANDARD = "gnu++0x";
				CLANG_CXX_LIBRARY = "libc++";
				CLANG_ENABLE_MODULES = YES;
				CLANG_ENABLE_OBJC_ARC = YES;
				CLANG_WARN_BOOL_CONVERSION = YES;
				CLANG_WARN_CONSTANT_CONVERSION = YES;
				CLANG_WARN_DIRECT_OBJC_ISA_USAGE = YES_ERROR;
				CLANG_WARN_EMPTY_BODY = YES;
				CLANG_WARN_ENUM_CONVERSION = YES;
				CLANG_WARN_INT_CONVERSION = YES;
				CLANG_WARN_OBJC_ROOT_CLASS = YES_ERROR;
				CLANG_WARN_UNREACHABLE_CODE = YES;
				CLANG_WARN__DUPLICATE_METHOD_MATCH = YES;
				"CODE_SIGN_IDENTITY[sdk=iphoneos*]" = "iPhone Developer";
				COPY_PHASE_STRIP = NO;
				ENABLE_STRICT_OBJC_MSGSEND = YES;
				GCC_C_LANGUAGE_STANDARD = gnu99;
				GCC_DYNAMIC_NO_PIC = NO;
				GCC_OPTIMIZATION_LEVEL = 0;
				GCC_PREPROCESSOR_DEFINITIONS = (
					"DEBUG=1",
					"$(inherited)",
				);
				GCC_SYMBOLS_PRIVATE_EXTERN = NO;
				GCC_WARN_64_TO_32_BIT_CONVERSION = YES;
				GCC_WARN_ABOUT_RETURN_TYPE = YES_ERROR;
				GCC_WARN_UNDECLARED_SELECTOR = YES;
				GCC_WARN_UNINITIALIZED_AUTOS = YES_AGGRESSIVE;
				GCC_WARN_UNUSED_FUNCTION = YES;
				GCC_WARN_UNUSED_VARIABLE = YES;
				IPHONEOS_DEPLOYMENT_TARGET = 8.2;
				MTL_ENABLE_DEBUG_INFO = YES;
				ONLY_ACTIVE_ARCH = YES;
				SDKROOT = iphoneos;
				SWIFT_OPTIMIZATION_LEVEL = "-Onone";
			};
			name = Debug;
		};
		DE40EC731BAF442300379466 /* Release */ = {
			isa = XCBuildConfiguration;
			buildSettings = {
				ALWAYS_SEARCH_USER_PATHS = NO;
				CLANG_CXX_LANGUAGE_STANDARD = "gnu++0x";
				CLANG_CXX_LIBRARY = "libc++";
				CLANG_ENABLE_MODULES = YES;
				CLANG_ENABLE_OBJC_ARC = YES;
				CLANG_WARN_BOOL_CONVERSION = YES;
				CLANG_WARN_CONSTANT_CONVERSION = YES;
				CLANG_WARN_DIRECT_OBJC_ISA_USAGE = YES_ERROR;
				CLANG_WARN_EMPTY_BODY = YES;
				CLANG_WARN_ENUM_CONVERSION = YES;
				CLANG_WARN_INT_CONVERSION = YES;
				CLANG_WARN_OBJC_ROOT_CLASS = YES_ERROR;
				CLANG_WARN_UNREACHABLE_CODE = YES;
				CLANG_WARN__DUPLICATE_METHOD_MATCH = YES;
				"CODE_SIGN_IDENTITY[sdk=iphoneos*]" = "iPhone Developer";
				COPY_PHASE_STRIP = NO;
				ENABLE_NS_ASSERTIONS = NO;
				ENABLE_STRICT_OBJC_MSGSEND = YES;
				GCC_C_LANGUAGE_STANDARD = gnu99;
				GCC_WARN_64_TO_32_BIT_CONVERSION = YES;
				GCC_WARN_ABOUT_RETURN_TYPE = YES_ERROR;
				GCC_WARN_UNDECLARED_SELECTOR = YES;
				GCC_WARN_UNINITIALIZED_AUTOS = YES_AGGRESSIVE;
				GCC_WARN_UNUSED_FUNCTION = YES;
				GCC_WARN_UNUSED_VARIABLE = YES;
				IPHONEOS_DEPLOYMENT_TARGET = 8.2;
				MTL_ENABLE_DEBUG_INFO = NO;
				SDKROOT = iphoneos;
				VALIDATE_PRODUCT = YES;
			};
			name = Release;
		};
		DE40EC751BAF442300379466 /* Debug */ = {
			isa = XCBuildConfiguration;
			buildSettings = {
				ASSETCATALOG_COMPILER_APPICON_NAME = AppIcon;
				INFOPLIST_FILE = "Memorable Places/Info.plist";
				LD_RUNPATH_SEARCH_PATHS = "$(inherited) @executable_path/Frameworks";
				PRODUCT_NAME = "$(TARGET_NAME)";
			};
			name = Debug;
		};
		DE40EC761BAF442300379466 /* Release */ = {
			isa = XCBuildConfiguration;
			buildSettings = {
				ASSETCATALOG_COMPILER_APPICON_NAME = AppIcon;
				INFOPLIST_FILE = "Memorable Places/Info.plist";
				LD_RUNPATH_SEARCH_PATHS = "$(inherited) @executable_path/Frameworks";
				PRODUCT_NAME = "$(TARGET_NAME)";
			};
			name = Release;
		};
		DE40EC781BAF442300379466 /* Debug */ = {
			isa = XCBuildConfiguration;
			buildSettings = {
				BUNDLE_LOADER = "$(TEST_HOST)";
				FRAMEWORK_SEARCH_PATHS = (
					"$(SDKROOT)/Developer/Library/Frameworks",
					"$(inherited)",
				);
				GCC_PREPROCESSOR_DEFINITIONS = (
					"DEBUG=1",
					"$(inherited)",
				);
				INFOPLIST_FILE = "Memorable PlacesTests/Info.plist";
				LD_RUNPATH_SEARCH_PATHS = "$(inherited) @executable_path/Frameworks @loader_path/Frameworks";
				PRODUCT_NAME = "$(TARGET_NAME)";
				TEST_HOST = "$(BUILT_PRODUCTS_DIR)/Memorable Places.app/Memorable Places";
			};
			name = Debug;
		};
		DE40EC791BAF442300379466 /* Release */ = {
			isa = XCBuildConfiguration;
			buildSettings = {
				BUNDLE_LOADER = "$(TEST_HOST)";
				FRAMEWORK_SEARCH_PATHS = (
					"$(SDKROOT)/Developer/Library/Frameworks",
					"$(inherited)",
				);
				INFOPLIST_FILE = "Memorable PlacesTests/Info.plist";
				LD_RUNPATH_SEARCH_PATHS = "$(inherited) @executable_path/Frameworks @loader_path/Frameworks";
				PRODUCT_NAME = "$(TARGET_NAME)";
				TEST_HOST = "$(BUILT_PRODUCTS_DIR)/Memorable Places.app/Memorable Places";
			};
			name = Release;
		};
/* End XCBuildConfiguration section */

/* Begin XCConfigurationList section */
		DE40EC501BAF442300379466 /* Build configuration list for PBXProject "Memorable Places" */ = {
			isa = XCConfigurationList;
			buildConfigurations = (
				DE40EC721BAF442300379466 /* Debug */,
				DE40EC731BAF442300379466 /* Release */,
			);
			defaultConfigurationIsVisible = 0;
			defaultConfigurationName = Release;
		};
		DE40EC741BAF442300379466 /* Build configuration list for PBXNativeTarget "Memorable Places" */ = {
			isa = XCConfigurationList;
			buildConfigurations = (
				DE40EC751BAF442300379466 /* Debug */,
				DE40EC761BAF442300379466 /* Release */,
			);
			defaultConfigurationIsVisible = 0;
		};
		DE40EC771BAF442300379466 /* Build configuration list for PBXNativeTarget "Memorable PlacesTests" */ = {
			isa = XCConfigurationList;
			buildConfigurations = (
				DE40EC781BAF442300379466 /* Debug */,
				DE40EC791BAF442300379466 /* Release */,
			);
			defaultConfigurationIsVisible = 0;
		};
/* End XCConfigurationList section */
	};
	rootObject = DE40EC4D1BAF442300379466 /* Project object */;
}
