// !$*UTF8*$!
{
	archiveVersion = 1;
	classes = {
	};
	objectVersion = 46;
	objects = {

/* Begin PBXBuildFile section */
		DE800BEA1BAEA015007C3EB9 /* AppDelegate.swift in Sources */ = {isa = PBXBuildFile; fileRef = DE800BE91BAEA015007C3EB9 /* AppDelegate.swift */; };
		DE800BEC1BAEA015007C3EB9 /* ViewController.swift in Sources */ = {isa = PBXBuildFile; fileRef = DE800BEB1BAEA015007C3EB9 /* ViewController.swift */; };
		DE800BEF1BAEA015007C3EB9 /* Main.storyboard in Resources */ = {isa = PBXBuildFile; fileRef = DE800BED1BAEA015007C3EB9 /* Main.storyboard */; };
		DE800BF11BAEA015007C3EB9 /* Images.xcassets in Resources */ = {isa = PBXBuildFile; fileRef = DE800BF01BAEA015007C3EB9 /* Images.xcassets */; };
		DE800BF41BAEA015007C3EB9 /* LaunchScreen.xib in Resources */ = {isa = PBXBuildFile; fileRef = DE800BF21BAEA015007C3EB9 /* LaunchScreen.xib */; };
		DE800C001BAEA015007C3EB9 /* Advanced_SeguesTests.swift in Sources */ = {isa = PBXBuildFile; fileRef = DE800BFF1BAEA015007C3EB9 /* Advanced_SeguesTests.swift */; };
		DE800C0C1BAEA254007C3EB9 /* TableViewController.swift in Sources */ = {isa = PBXBuildFile; fileRef = DE800C0B1BAEA254007C3EB9 /* TableViewController.swift */; };
/* End PBXBuildFile section */

/* Begin PBXContainerItemProxy section */
		DE800BFA1BAEA015007C3EB9 /* PBXContainerItemProxy */ = {
			isa = PBXContainerItemProxy;
			containerPortal = DE800BDC1BAEA015007C3EB9 /* Project object */;
			proxyType = 1;
			remoteGlobalIDString = DE800BE31BAEA015007C3EB9;
			remoteInfo = "Advanced Segues";
		};
/* End PBXContainerItemProxy section */

/* Begin PBXFileReference section */
		DE800BE41BAEA015007C3EB9 /* Advanced Segues.app */ = {isa = PBXFileReference; explicitFileType = wrapper.application; includeInIndex = 0; path = "Advanced Segues.app"; sourceTree = BUILT_PRODUCTS_DIR; };
		DE800BE81BAEA015007C3EB9 /* Info.plist */ = {isa = PBXFileReference; lastKnownFileType = text.plist.xml; path = Info.plist; sourceTree = "<group>"; };
		DE800BE91BAEA015007C3EB9 /* AppDelegate.swift */ = {isa = PBXFileReference; lastKnownFileType = sourcecode.swift; path = AppDelegate.swift; sourceTree = "<group>"; };
		DE800BEB1BAEA015007C3EB9 /* ViewController.swift */ = {isa = PBXFileReference; lastKnownFileType = sourcecode.swift; path = ViewController.swift; sourceTree = "<group>"; };
		DE800BEE1BAEA015007C3EB9 /* Base */ = {isa = PBXFileReference; lastKnownFileType = file.storyboard; name = Base; path = Base.lproj/Main.storyboard; sourceTree = "<group>"; };
		DE800BF01BAEA015007C3EB9 /* Images.xcassets */ = {isa = PBXFileReference; lastKnownFileType = folder.assetcatalog; path = Images.xcassets; sourceTree = "<group>"; };
		DE800BF31BAEA015007C3EB9 /* Base */ = {isa = PBXFileReference; lastKnownFileType = file.xib; name = Base; path = Base.lproj/LaunchScreen.xib; sourceTree = "<group>"; };
		DE800BF91BAEA015007C3EB9 /* Advanced SeguesTests.xctest */ = {isa = PBXFileReference; explicitFileType = wrapper.cfbundle; includeInIndex = 0; path = "Advanced SeguesTests.xctest"; sourceTree = BUILT_PRODUCTS_DIR; };
		DE800BFE1BAEA015007C3EB9 /* Info.plist */ = {isa = PBXFileReference; lastKnownFileType = text.plist.xml; path = Info.plist; sourceTree = "<group>"; };
		DE800BFF1BAEA015007C3EB9 /* Advanced_SeguesTests.swift */ = {isa = PBXFileReference; lastKnownFileType = sourcecode.swift; path = Advanced_SeguesTests.swift; sourceTree = "<group>"; };
		DE800C0B1BAEA254007C3EB9 /* TableViewController.swift */ = {isa = PBXFileReference; fileEncoding = 4; lastKnownFileType = sourcecode.swift; path = TableViewController.swift; sourceTree = "<group>"; };
/* End PBXFileReference section */

/* Begin PBXFrameworksBuildPhase section */
		DE800BE11BAEA015007C3EB9 /* Frameworks */ = {
			isa = PBXFrameworksBuildPhase;
			buildActionMask = 2147483647;
			files = (
			);
			runOnlyForDeploymentPostprocessing = 0;
		};
		DE800BF61BAEA015007C3EB9 /* Frameworks */ = {
			isa = PBXFrameworksBuildPhase;
			buildActionMask = 2147483647;
			files = (
			);
			runOnlyForDeploymentPostprocessing = 0;
		};
/* End PBXFrameworksBuildPhase section */

/* Begin PBXGroup section */
		DE800BDB1BAEA015007C3EB9 = {
			isa = PBXGroup;
			children = (
				DE800BE61BAEA015007C3EB9 /* Advanced Segues */,
				DE800BFC1BAEA015007C3EB9 /* Advanced SeguesTests */,
				DE800BE51BAEA015007C3EB9 /* Products */,
			);
			sourceTree = "<group>";
		};
		DE800BE51BAEA015007C3EB9 /* Products */ = {
			isa = PBXGroup;
			children = (
				DE800BE41BAEA015007C3EB9 /* Advanced Segues.app */,
				DE800BF91BAEA015007C3EB9 /* Advanced SeguesTests.xctest */,
			);
			name = Products;
			sourceTree = "<group>";
		};
		DE800BE61BAEA015007C3EB9 /* Advanced Segues */ = {
			isa = PBXGroup;
			children = (
				DE800BE91BAEA015007C3EB9 /* AppDelegate.swift */,
				DE800BEB1BAEA015007C3EB9 /* ViewController.swift */,
				DE800C0B1BAEA254007C3EB9 /* TableViewController.swift */,
				DE800BED1BAEA015007C3EB9 /* Main.storyboard */,
				DE800BF01BAEA015007C3EB9 /* Images.xcassets */,
				DE800BF21BAEA015007C3EB9 /* LaunchScreen.xib */,
				DE800BE71BAEA015007C3EB9 /* Supporting Files */,
			);
			path = "Advanced Segues";
			sourceTree = "<group>";
		};
		DE800BE71BAEA015007C3EB9 /* Supporting Files */ = {
			isa = PBXGroup;
			children = (
				DE800BE81BAEA015007C3EB9 /* Info.plist */,
			);
			name = "Supporting Files";
			sourceTree = "<group>";
		};
		DE800BFC1BAEA015007C3EB9 /* Advanced SeguesTests */ = {
			isa = PBXGroup;
			children = (
				DE800BFF1BAEA015007C3EB9 /* Advanced_SeguesTests.swift */,
				DE800BFD1BAEA015007C3EB9 /* Supporting Files */,
			);
			path = "Advanced SeguesTests";
			sourceTree = "<group>";
		};
		DE800BFD1BAEA015007C3EB9 /* Supporting Files */ = {
			isa = PBXGroup;
			children = (
				DE800BFE1BAEA015007C3EB9 /* Info.plist */,
			);
			name = "Supporting Files";
			sourceTree = "<group>";
		};
/* End PBXGroup section */

/* Begin PBXNativeTarget section */
		DE800BE31BAEA015007C3EB9 /* Advanced Segues */ = {
			isa = PBXNativeTarget;
			buildConfigurationList = DE800C031BAEA015007C3EB9 /* Build configuration list for PBXNativeTarget "Advanced Segues" */;
			buildPhases = (
				DE800BE01BAEA015007C3EB9 /* Sources */,
				DE800BE11BAEA015007C3EB9 /* Frameworks */,
				DE800BE21BAEA015007C3EB9 /* Resources */,
			);
			buildRules = (
			);
			dependencies = (
			);
			name = "Advanced Segues";
			productName = "Advanced Segues";
			productReference = DE800BE41BAEA015007C3EB9 /* Advanced Segues.app */;
			productType = "com.apple.product-type.application";
		};
		DE800BF81BAEA015007C3EB9 /* Advanced SeguesTests */ = {
			isa = PBXNativeTarget;
			buildConfigurationList = DE800C061BAEA015007C3EB9 /* Build configuration list for PBXNativeTarget "Advanced SeguesTests" */;
			buildPhases = (
				DE800BF51BAEA015007C3EB9 /* Sources */,
				DE800BF61BAEA015007C3EB9 /* Frameworks */,
				DE800BF71BAEA015007C3EB9 /* Resources */,
			);
			buildRules = (
			);
			dependencies = (
				DE800BFB1BAEA015007C3EB9 /* PBXTargetDependency */,
			);
			name = "Advanced SeguesTests";
			productName = "Advanced SeguesTests";
			productReference = DE800BF91BAEA015007C3EB9 /* Advanced SeguesTests.xctest */;
			productType = "com.apple.product-type.bundle.unit-test";
		};
/* End PBXNativeTarget section */

/* Begin PBXProject section */
		DE800BDC1BAEA015007C3EB9 /* Project object */ = {
			isa = PBXProject;
			attributes = {
				LastUpgradeCheck = 0620;
				ORGANIZATIONNAME = Appfish;
				TargetAttributes = {
					DE800BE31BAEA015007C3EB9 = {
						CreatedOnToolsVersion = 6.2;
					};
					DE800BF81BAEA015007C3EB9 = {
						CreatedOnToolsVersion = 6.2;
						TestTargetID = DE800BE31BAEA015007C3EB9;
					};
				};
			};
			buildConfigurationList = DE800BDF1BAEA015007C3EB9 /* Build configuration list for PBXProject "Advanced Segues" */;
			compatibilityVersion = "Xcode 3.2";
			developmentRegion = English;
			hasScannedForEncodings = 0;
			knownRegions = (
				en,
				Base,
			);
			mainGroup = DE800BDB1BAEA015007C3EB9;
			productRefGroup = DE800BE51BAEA015007C3EB9 /* Products */;
			projectDirPath = "";
			projectRoot = "";
			targets = (
				DE800BE31BAEA015007C3EB9 /* Advanced Segues */,
				DE800BF81BAEA015007C3EB9 /* Advanced SeguesTests */,
			);
		};
/* End PBXProject section */

/* Begin PBXResourcesBuildPhase section */
		DE800BE21BAEA015007C3EB9 /* Resources */ = {
			isa = PBXResourcesBuildPhase;
			buildActionMask = 2147483647;
			files = (
				DE800BEF1BAEA015007C3EB9 /* Main.storyboard in Resources */,
				DE800BF41BAEA015007C3EB9 /* LaunchScreen.xib in Resources */,
				DE800BF11BAEA015007C3EB9 /* Images.xcassets in Resources */,
			);
			runOnlyForDeploymentPostprocessing = 0;
		};
		DE800BF71BAEA015007C3EB9 /* Resources */ = {
			isa = PBXResourcesBuildPhase;
			buildActionMask = 2147483647;
			files = (
			);
			runOnlyForDeploymentPostprocessing = 0;
		};
/* End PBXResourcesBuildPhase section */

/* Begin PBXSourcesBuildPhase section */
		DE800BE01BAEA015007C3EB9 /* Sources */ = {
			isa = PBXSourcesBuildPhase;
			buildActionMask = 2147483647;
			files = (
				DE800BEC1BAEA015007C3EB9 /* ViewController.swift in Sources */,
				DE800C0C1BAEA254007C3EB9 /* TableViewController.swift in Sources */,
				DE800BEA1BAEA015007C3EB9 /* AppDelegate.swift in Sources */,
			);
			runOnlyForDeploymentPostprocessing = 0;
		};
		DE800BF51BAEA015007C3EB9 /* Sources */ = {
			isa = PBXSourcesBuildPhase;
			buildActionMask = 2147483647;
			files = (
				DE800C001BAEA015007C3EB9 /* Advanced_SeguesTests.swift in Sources */,
			);
			runOnlyForDeploymentPostprocessing = 0;
		};
/* End PBXSourcesBuildPhase section */

/* Begin PBXTargetDependency section */
		DE800BFB1BAEA015007C3EB9 /* PBXTargetDependency */ = {
			isa = PBXTargetDependency;
			target = DE800BE31BAEA015007C3EB9 /* Advanced Segues */;
			targetProxy = DE800BFA1BAEA015007C3EB9 /* PBXContainerItemProxy */;
		};
/* End PBXTargetDependency section */

/* Begin PBXVariantGroup section */
		DE800BED1BAEA015007C3EB9 /* Main.storyboard */ = {
			isa = PBXVariantGroup;
			children = (
				DE800BEE1BAEA015007C3EB9 /* Base */,
			);
			name = Main.storyboard;
			sourceTree = "<group>";
		};
		DE800BF21BAEA015007C3EB9 /* LaunchScreen.xib */ = {
			isa = PBXVariantGroup;
			children = (
				DE800BF31BAEA015007C3EB9 /* Base */,
			);
			name = LaunchScreen.xib;
			sourceTree = "<group>";
		};
/* End PBXVariantGroup section */

/* Begin XCBuildConfiguration section */
		DE800C011BAEA015007C3EB9 /* Debug */ = {
			isa = XCBuildConfiguration;
			buildSettings = {
				ALWAYS_SEARCH_USER_PATHS = NO;
				CLANG_CXX_LANGUAGE_STANDARD = "gnu++0x";
				CLANG_CXX_LIBRARY = "libc++";
				CLANG_ENABLE_MODULES = YES;
				CLANG_ENABLE_OBJC_ARC = YES;
				CLANG_WARN_BOOL_CONVERSION = YES;
				CLANG_WARN_CONSTANT_CONVERSION = YES;
				CLANG_WARN_DIRECT_OBJC_ISA_USAGE = YES_ERROR;
				CLANG_WARN_EMPTY_BODY = YES;
				CLANG_WARN_ENUM_CONVERSION = YES;
				CLANG_WARN_INT_CONVERSION = YES;
				CLANG_WARN_OBJC_ROOT_CLASS = YES_ERROR;
				CLANG_WARN_UNREACHABLE_CODE = YES;
				CLANG_WARN__DUPLICATE_METHOD_MATCH = YES;
				"CODE_SIGN_IDENTITY[sdk=iphoneos*]" = "iPhone Developer";
				COPY_PHASE_STRIP = NO;
				ENABLE_STRICT_OBJC_MSGSEND = YES;
				GCC_C_LANGUAGE_STANDARD = gnu99;
				GCC_DYNAMIC_NO_PIC = NO;
				GCC_OPTIMIZATION_LEVEL = 0;
				GCC_PREPROCESSOR_DEFINITIONS = (
					"DEBUG=1",
					"$(inherited)",
				);
				GCC_SYMBOLS_PRIVATE_EXTERN = NO;
				GCC_WARN_64_TO_32_BIT_CONVERSION = YES;
				GCC_WARN_ABOUT_RETURN_TYPE = YES_ERROR;
				GCC_WARN_UNDECLARED_SELECTOR = YES;
				GCC_WARN_UNINITIALIZED_AUTOS = YES_AGGRESSIVE;
				GCC_WARN_UNUSED_FUNCTION = YES;
				GCC_WARN_UNUSED_VARIABLE = YES;
				IPHONEOS_DEPLOYMENT_TARGET = 8.2;
				MTL_ENABLE_DEBUG_INFO = YES;
				ONLY_ACTIVE_ARCH = YES;
				SDKROOT = iphoneos;
				SWIFT_OPTIMIZATION_LEVEL = "-Onone";
			};
			name = Debug;
		};
		DE800C021BAEA015007C3EB9 /* Release */ = {
			isa = XCBuildConfiguration;
			buildSettings = {
				ALWAYS_SEARCH_USER_PATHS = NO;
				CLANG_CXX_LANGUAGE_STANDARD = "gnu++0x";
				CLANG_CXX_LIBRARY = "libc++";
				CLANG_ENABLE_MODULES = YES;
				CLANG_ENABLE_OBJC_ARC = YES;
				CLANG_WARN_BOOL_CONVERSION = YES;
				CLANG_WARN_CONSTANT_CONVERSION = YES;
				CLANG_WARN_DIRECT_OBJC_ISA_USAGE = YES_ERROR;
				CLANG_WARN_EMPTY_BODY = YES;
				CLANG_WARN_ENUM_CONVERSION = YES;
				CLANG_WARN_INT_CONVERSION = YES;
				CLANG_WARN_OBJC_ROOT_CLASS = YES_ERROR;
				CLANG_WARN_UNREACHABLE_CODE = YES;
				CLANG_WARN__DUPLICATE_METHOD_MATCH = YES;
				"CODE_SIGN_IDENTITY[sdk=iphoneos*]" = "iPhone Developer";
				COPY_PHASE_STRIP = NO;
				ENABLE_NS_ASSERTIONS = NO;
				ENABLE_STRICT_OBJC_MSGSEND = YES;
				GCC_C_LANGUAGE_STANDARD = gnu99;
				GCC_WARN_64_TO_32_BIT_CONVERSION = YES;
				GCC_WARN_ABOUT_RETURN_TYPE = YES_ERROR;
				GCC_WARN_UNDECLARED_SELECTOR = YES;
				GCC_WARN_UNINITIALIZED_AUTOS = YES_AGGRESSIVE;
				GCC_WARN_UNUSED_FUNCTION = YES;
				GCC_WARN_UNUSED_VARIABLE = YES;
				IPHONEOS_DEPLOYMENT_TARGET = 8.2;
				MTL_ENABLE_DEBUG_INFO = NO;
				SDKROOT = iphoneos;
				VALIDATE_PRODUCT = YES;
			};
			name = Release;
		};
		DE800C041BAEA015007C3EB9 /* Debug */ = {
			isa = XCBuildConfiguration;
			buildSettings = {
				ASSETCATALOG_COMPILER_APPICON_NAME = AppIcon;
				INFOPLIST_FILE = "Advanced Segues/Info.plist";
				LD_RUNPATH_SEARCH_PATHS = "$(inherited) @executable_path/Frameworks";
				PRODUCT_NAME = "$(TARGET_NAME)";
			};
			name = Debug;
		};
		DE800C051BAEA015007C3EB9 /* Release */ = {
			isa = XCBuildConfiguration;
			buildSettings = {
				ASSETCATALOG_COMPILER_APPICON_NAME = AppIcon;
				INFOPLIST_FILE = "Advanced Segues/Info.plist";
				LD_RUNPATH_SEARCH_PATHS = "$(inherited) @executable_path/Frameworks";
				PRODUCT_NAME = "$(TARGET_NAME)";
			};
			name = Release;
		};
		DE800C071BAEA015007C3EB9 /* Debug */ = {
			isa = XCBuildConfiguration;
			buildSettings = {
				BUNDLE_LOADER = "$(TEST_HOST)";
				FRAMEWORK_SEARCH_PATHS = (
					"$(SDKROOT)/Developer/Library/Frameworks",
					"$(inherited)",
				);
				GCC_PREPROCESSOR_DEFINITIONS = (
					"DEBUG=1",
					"$(inherited)",
				);
				INFOPLIST_FILE = "Advanced SeguesTests/Info.plist";
				LD_RUNPATH_SEARCH_PATHS = "$(inherited) @executable_path/Frameworks @loader_path/Frameworks";
				PRODUCT_NAME = "$(TARGET_NAME)";
				TEST_HOST = "$(BUILT_PRODUCTS_DIR)/Advanced Segues.app/Advanced Segues";
			};
			name = Debug;
		};
		DE800C081BAEA015007C3EB9 /* Release */ = {
			isa = XCBuildConfiguration;
			buildSettings = {
				BUNDLE_LOADER = "$(TEST_HOST)";
				FRAMEWORK_SEARCH_PATHS = (
					"$(SDKROOT)/Developer/Library/Frameworks",
					"$(inherited)",
				);
				INFOPLIST_FILE = "Advanced SeguesTests/Info.plist";
				LD_RUNPATH_SEARCH_PATHS = "$(inherited) @executable_path/Frameworks @loader_path/Frameworks";
				PRODUCT_NAME = "$(TARGET_NAME)";
				TEST_HOST = "$(BUILT_PRODUCTS_DIR)/Advanced Segues.app/Advanced Segues";
			};
			name = Release;
		};
/* End XCBuildConfiguration section */

/* Begin XCConfigurationList section */
		DE800BDF1BAEA015007C3EB9 /* Build configuration list for PBXProject "Advanced Segues" */ = {
			isa = XCConfigurationList;
			buildConfigurations = (
				DE800C011BAEA015007C3EB9 /* Debug */,
				DE800C021BAEA015007C3EB9 /* Release */,
			);
			defaultConfigurationIsVisible = 0;
			defaultConfigurationName = Release;
		};
		DE800C031BAEA015007C3EB9 /* Build configuration list for PBXNativeTarget "Advanced Segues" */ = {
			isa = XCConfigurationList;
			buildConfigurations = (
				DE800C041BAEA015007C3EB9 /* Debug */,
				DE800C051BAEA015007C3EB9 /* Release */,
			);
			defaultConfigurationIsVisible = 0;
		};
		DE800C061BAEA015007C3EB9 /* Build configuration list for PBXNativeTarget "Advanced SeguesTests" */ = {
			isa = XCConfigurationList;
			buildConfigurations = (
				DE800C071BAEA015007C3EB9 /* Debug */,
				DE800C081BAEA015007C3EB9 /* Release */,
			);
			defaultConfigurationIsVisible = 0;
		};
/* End XCConfigurationList section */
	};
	rootObject = DE800BDC1BAEA015007C3EB9 /* Project object */;
}
